
Microsoft Visual Studio Solution File, Format Version 12.00
# Visual Studio Version 17
VisualStudioVersion = 17.10.35122.118
MinimumVisualStudioVersion = 10.0.40219.1
Project("{FAE04EC0-301F-11D3-BF4B-00C04F79EFBC}") = "interfacesejerc1", "interfacesejerc1\interfacesejerc1.csproj", "{F71C5CB2-BE40-48C5-A1A1-EAF2270FEF27}"
EndProject
Global
	GlobalSection(SolutionConfigurationPlatforms) = preSolution
		Debug|Any CPU = Debug|Any CPU
		Release|Any CPU = Release|Any CPU
	EndGlobalSection
	GlobalSection(ProjectConfigurationPlatforms) = postSolution
		{F71C5CB2-BE40-48C5-A1A1-EAF2270FEF27}.Debug|Any CPU.ActiveCfg = Debug|Any CPU
		{F71C5CB2-BE40-48C5-A1A1-EAF2270FEF27}.Debug|Any CPU.Build.0 = Debug|Any CPU
		{F71C5CB2-BE40-48C5-A1A1-EAF2270FEF27}.Release|Any CPU.ActiveCfg = Release|Any CPU
		{F71C5CB2-BE40-48C5-A1A1-EAF2270FEF27}.Release|Any CPU.Build.0 = Release|Any CPU
	EndGlobalSection
	GlobalSection(SolutionProperties) = preSolution
		HideSolutionNode = FALSE
	EndGlobalSection
	GlobalSection(ExtensibilityGlobals) = postSolution
		SolutionGuid = {9FA00476-BCC9-48F8-8FAC-2A65AAE50E07}
	EndGlobalSection
EndGlobal
